{
  "nodes": {
    "nixpkgs": {
      "locked": {
        "lastModified": 1664937284,
        "narHash": "sha256-KXxVY1K6+ybb0AjOG6sdgwX4gjo9gPeBE0g5RQYLP3M=",
        "path": "/nix/store/pmwc7f7niclvvp18j5wn5c042yrdpvxv-source",
        "rev": "032490f3bff9446e89f552a8c70f81c27d076525",
        "type": "path"
      },
      "original": {
        "id": "nixpkgs",
        "type": "indirect"
      }
    },
    "root": {
      "inputs": {
        "nixpkgs": "nixpkgs"
      }
    }
  },
  "root": "root",
  "version": 7
}
